
Microsoft Visual Studio Solution File, Format Version 12.00
# Visual Studio Version 16
VisualStudioVersion = 16.0.30406.217
MinimumVisualStudioVersion = 10.0.40219.1
Project("{FAE04EC0-301F-11D3-BF4B-00C04F79EFBC}") = "Taller1-CalcularelIVAdeunProducto", "Taller1-CalcularelIVAdeunProducto\Taller1-CalcularelIVAdeunProducto.csproj", "{2ED89689-91B4-4826-85A1-66D856DAE489}"
EndProject
Global
	GlobalSection(SolutionConfigurationPlatforms) = preSolution
		Debug|Any CPU = Debug|Any CPU
		Release|Any CPU = Release|Any CPU
	EndGlobalSection
	GlobalSection(ProjectConfigurationPlatforms) = postSolution
		{2ED89689-91B4-4826-85A1-66D856DAE489}.Debug|Any CPU.ActiveCfg = Debug|Any CPU
		{2ED89689-91B4-4826-85A1-66D856DAE489}.Debug|Any CPU.Build.0 = Debug|Any CPU
		{2ED89689-91B4-4826-85A1-66D856DAE489}.Release|Any CPU.ActiveCfg = Release|Any CPU
		{2ED89689-91B4-4826-85A1-66D856DAE489}.Release|Any CPU.Build.0 = Release|Any CPU
	EndGlobalSection
	GlobalSection(SolutionProperties) = preSolution
		HideSolutionNode = FALSE
	EndGlobalSection
	GlobalSection(ExtensibilityGlobals) = postSolution
		SolutionGuid = {F99DA001-C156-4457-9599-547197A89D09}
	EndGlobalSection
EndGlobal
